
Microsoft Visual Studio Solution File, Format Version 11.00
# Visual Studio 2010
Project("{FAE04EC0-301F-11D3-BF4B-00C04F79EFBC}") = "wheaterstation", "wheaterstation\wheaterstation.csproj", "{793EFC53-3AD2-40E7-BEC2-4ED66581A67B}"
EndProject
Global
	GlobalSection(SolutionConfigurationPlatforms) = preSolution
		Debug|Any CPU = Debug|Any CPU
		Release|Any CPU = Release|Any CPU
	EndGlobalSection
	GlobalSection(ProjectConfigurationPlatforms) = postSolution
		{793EFC53-3AD2-40E7-BEC2-4ED66581A67B}.Debug|Any CPU.ActiveCfg = Debug|Any CPU
		{793EFC53-3AD2-40E7-BEC2-4ED66581A67B}.Debug|Any CPU.Build.0 = Debug|Any CPU
		{793EFC53-3AD2-40E7-BEC2-4ED66581A67B}.Release|Any CPU.ActiveCfg = Release|Any CPU
		{793EFC53-3AD2-40E7-BEC2-4ED66581A67B}.Release|Any CPU.Build.0 = Release|Any CPU
	EndGlobalSection
	GlobalSection(SolutionProperties) = preSolution
		HideSolutionNode = FALSE
	EndGlobalSection
EndGlobal
